
Microsoft Visual Studio Solution File, Format Version 12.00
# Visual Studio Version 17
VisualStudioVersion = 17.8.34322.80
MinimumVisualStudioVersion = 10.0.40219.1
Project("{FAE04EC0-301F-11D3-BF4B-00C04F79EFBC}") = "AdventOfCode", "..\AdventOfCode\AdventOfCode.csproj", "{60419574-9E2B-4F0B-8F2F-E0CE7B232FA7}"
EndProject
Global
	GlobalSection(SolutionConfigurationPlatforms) = preSolution
		Debug|Any CPU = Debug|Any CPU
		Release|Any CPU = Release|Any CPU
	EndGlobalSection
	GlobalSection(ProjectConfigurationPlatforms) = postSolution
		{60419574-9E2B-4F0B-8F2F-E0CE7B232FA7}.Debug|Any CPU.ActiveCfg = Debug|Any CPU
		{60419574-9E2B-4F0B-8F2F-E0CE7B232FA7}.Debug|Any CPU.Build.0 = Debug|Any CPU
		{60419574-9E2B-4F0B-8F2F-E0CE7B232FA7}.Release|Any CPU.ActiveCfg = Release|Any CPU
		{60419574-9E2B-4F0B-8F2F-E0CE7B232FA7}.Release|Any CPU.Build.0 = Release|Any CPU
	EndGlobalSection
	GlobalSection(SolutionProperties) = preSolution
		HideSolutionNode = FALSE
	EndGlobalSection
	GlobalSection(ExtensibilityGlobals) = postSolution
		SolutionGuid = {DB22A354-2EBC-4B1C-AA6E-2716718D0A85}
	EndGlobalSection
EndGlobal
